
Microsoft Visual Studio Solution File, Format Version 12.00
# Visual Studio Version 17
VisualStudioVersion = 17.14.36616.10 d17.14
MinimumVisualStudioVersion = 10.0.40219.1
Project("{FAE04EC0-301F-11D3-BF4B-00C04F79EFBC}") = "MostafaEidPortfolio", "MostafaEidPortfolio\MostafaEidPortfolio.csproj", "{08DF7589-7013-4D70-9337-381059E859EF}"
EndProject
Global
	GlobalSection(SolutionConfigurationPlatforms) = preSolution
		Debug|Any CPU = Debug|Any CPU
		Release|Any CPU = Release|Any CPU
	EndGlobalSection
	GlobalSection(ProjectConfigurationPlatforms) = postSolution
		{08DF7589-7013-4D70-9337-381059E859EF}.Debug|Any CPU.ActiveCfg = Debug|Any CPU
		{08DF7589-7013-4D70-9337-381059E859EF}.Debug|Any CPU.Build.0 = Debug|Any CPU
		{08DF7589-7013-4D70-9337-381059E859EF}.Release|Any CPU.ActiveCfg = Release|Any CPU
		{08DF7589-7013-4D70-9337-381059E859EF}.Release|Any CPU.Build.0 = Release|Any CPU
	EndGlobalSection
	GlobalSection(SolutionProperties) = preSolution
		HideSolutionNode = FALSE
	EndGlobalSection
	GlobalSection(ExtensibilityGlobals) = postSolution
		SolutionGuid = {9CEF04ED-866E-4375-80F1-2434ABEF113F}
	EndGlobalSection
EndGlobal
